
Microsoft Visual Studio Solution File, Format Version 12.00
# Visual Studio Version 16
VisualStudioVersion = 16.0.31729.503
MinimumVisualStudioVersion = 10.0.40219.1
Project("{FAE04EC0-301F-11D3-BF4B-00C04F79EFBC}") = "Entities", "Entities\Entities.csproj", "{EEFE591D-E7E6-4342-A7E9-43C61992433C}"
EndProject
Project("{FAE04EC0-301F-11D3-BF4B-00C04F79EFBC}") = "DataAccess", "DataAccess\DataAccess.csproj", "{4E23656A-E254-4509-BD1C-054D0270D460}"
EndProject
Global
	GlobalSection(SolutionConfigurationPlatforms) = preSolution
		Debug|Any CPU = Debug|Any CPU
		Release|Any CPU = Release|Any CPU
	EndGlobalSection
	GlobalSection(ProjectConfigurationPlatforms) = postSolution
		{EEFE591D-E7E6-4342-A7E9-43C61992433C}.Debug|Any CPU.ActiveCfg = Debug|Any CPU
		{EEFE591D-E7E6-4342-A7E9-43C61992433C}.Debug|Any CPU.Build.0 = Debug|Any CPU
		{EEFE591D-E7E6-4342-A7E9-43C61992433C}.Release|Any CPU.ActiveCfg = Release|Any CPU
		{EEFE591D-E7E6-4342-A7E9-43C61992433C}.Release|Any CPU.Build.0 = Release|Any CPU
		{4E23656A-E254-4509-BD1C-054D0270D460}.Debug|Any CPU.ActiveCfg = Debug|Any CPU
		{4E23656A-E254-4509-BD1C-054D0270D460}.Debug|Any CPU.Build.0 = Debug|Any CPU
		{4E23656A-E254-4509-BD1C-054D0270D460}.Release|Any CPU.ActiveCfg = Release|Any CPU
		{4E23656A-E254-4509-BD1C-054D0270D460}.Release|Any CPU.Build.0 = Release|Any CPU
	EndGlobalSection
	GlobalSection(SolutionProperties) = preSolution
		HideSolutionNode = FALSE
	EndGlobalSection
	GlobalSection(ExtensibilityGlobals) = postSolution
		SolutionGuid = {D3311459-93D8-4E21-9B57-D857CA6CAB18}
	EndGlobalSection
EndGlobal
